
Microsoft Visual Studio Solution File, Format Version 12.00
# Visual Studio 15
VisualStudioVersion = 15.0.28307.106
MinimumVisualStudioVersion = 10.0.40219.1
Project("{FAE04EC0-301F-11D3-BF4B-00C04F79EFBC}") = "TesteImposto", "TesteImposto\TesteImposto.csproj", "{B477192F-814E-4710-8DBC-244AD89157C8}"
EndProject
Project("{FAE04EC0-301F-11D3-BF4B-00C04F79EFBC}") = "Imposto.Domain", "Imposto.Domain\Imposto.Domain.csproj", "{61B7A4C6-D753-4D42-92AD-3C8EE1F957F8}"
EndProject
Project("{2150E333-8FDC-42A3-9474-1A3956D46DE8}") = "0 - Presentation", "0 - Presentation", "{339141ED-FA14-478F-A71C-7EE0B8BD683E}"
EndProject
Project("{2150E333-8FDC-42A3-9474-1A3956D46DE8}") = "2 - Domain", "2 - Domain", "{3D2E10DC-EB6F-45A5-896D-5CDB51FF4D28}"
EndProject
Project("{2150E333-8FDC-42A3-9474-1A3956D46DE8}") = "3 - Infra", "3 - Infra", "{678CE1B2-A2B3-437C-8099-D4AAA352F1CA}"
EndProject
Project("{2150E333-8FDC-42A3-9474-1A3956D46DE8}") = "1 - Application", "1 - Application", "{B6039F85-3128-4D8B-84CE-11AD11B7FC98}"
EndProject
Project("{2150E333-8FDC-42A3-9474-1A3956D46DE8}") = "3.1 - Data", "3.1 - Data", "{CB46CCA7-B595-4BF3-968B-C8750D07E498}"
EndProject
Project("{2150E333-8FDC-42A3-9474-1A3956D46DE8}") = "3.2 - CrossCutting", "3.2 - CrossCutting", "{79D67E27-2333-476E-B40A-178DCC0671BF}"
EndProject
Project("{FAE04EC0-301F-11D3-BF4B-00C04F79EFBC}") = "Imposto.Infra.Data.Test", "Imposto.Infra.Data.Test\Imposto.Infra.Data.Test.csproj", "{37C97854-7F43-43FB-B6D1-CAC311C05A93}"
EndProject
Project("{FAE04EC0-301F-11D3-BF4B-00C04F79EFBC}") = "Imposto.Application", "Imposto.Application\Imposto.Application.csproj", "{7A3C44EB-06E0-436F-8539-EB41DC91EA81}"
EndProject
Project("{FAE04EC0-301F-11D3-BF4B-00C04F79EFBC}") = "Imposto.Infra.Ioc", "Imposto.Infra.Ioc\Imposto.Infra.Ioc.csproj", "{901F6240-585E-4D4C-AA6A-D8A8734DFDEE}"
EndProject
Project("{FAE04EC0-301F-11D3-BF4B-00C04F79EFBC}") = "Imposto.Application.Test", "Imposto.Application.Test\Imposto.Application.Test.csproj", "{C6EA600A-4E89-426E-B9DA-AA84DF1D014D}"
EndProject
Project("{FAE04EC0-301F-11D3-BF4B-00C04F79EFBC}") = "Imposto.Domain.Test", "Imposto.Domain.Test\Imposto.Domain.Test.csproj", "{CC0F11DF-FD3F-41FA-BEC0-AF5A376B0019}"
EndProject
Project("{FAE04EC0-301F-11D3-BF4B-00C04F79EFBC}") = "Imposto.Infra.Data", "Imposto.Infra.Data\Imposto.Infra.Data.csproj", "{BE55FA11-B8F6-425A-8474-6BD1A9845AF1}"
EndProject
Project("{FAE04EC0-301F-11D3-BF4B-00C04F79EFBC}") = "Imposto.Infra.CrossCutting.Util", "Imposto.Infra.CrossCutting.Util\Imposto.Infra.CrossCutting.Util.csproj", "{08120EBB-DEB3-458D-BC22-C407780C8B12}"
EndProject
Project("{FAE04EC0-301F-11D3-BF4B-00C04F79EFBC}") = "Imposto.Domain.Core", "Imposto.Domain.Core\Imposto.Domain.Core.csproj", "{B38C479B-6827-4615-8BEC-682FDCB779B8}"
EndProject
Global
	GlobalSection(SolutionConfigurationPlatforms) = preSolution
		Debug|Any CPU = Debug|Any CPU
		Release|Any CPU = Release|Any CPU
	EndGlobalSection
	GlobalSection(ProjectConfigurationPlatforms) = postSolution
		{B477192F-814E-4710-8DBC-244AD89157C8}.Debug|Any CPU.ActiveCfg = Debug|Any CPU
		{B477192F-814E-4710-8DBC-244AD89157C8}.Debug|Any CPU.Build.0 = Debug|Any CPU
		{B477192F-814E-4710-8DBC-244AD89157C8}.Release|Any CPU.ActiveCfg = Release|Any CPU
		{B477192F-814E-4710-8DBC-244AD89157C8}.Release|Any CPU.Build.0 = Release|Any CPU
		{61B7A4C6-D753-4D42-92AD-3C8EE1F957F8}.Debug|Any CPU.ActiveCfg = Debug|Any CPU
		{61B7A4C6-D753-4D42-92AD-3C8EE1F957F8}.Debug|Any CPU.Build.0 = Debug|Any CPU
		{61B7A4C6-D753-4D42-92AD-3C8EE1F957F8}.Release|Any CPU.ActiveCfg = Release|Any CPU
		{61B7A4C6-D753-4D42-92AD-3C8EE1F957F8}.Release|Any CPU.Build.0 = Release|Any CPU
		{37C97854-7F43-43FB-B6D1-CAC311C05A93}.Debug|Any CPU.ActiveCfg = Debug|Any CPU
		{37C97854-7F43-43FB-B6D1-CAC311C05A93}.Debug|Any CPU.Build.0 = Debug|Any CPU
		{37C97854-7F43-43FB-B6D1-CAC311C05A93}.Release|Any CPU.ActiveCfg = Release|Any CPU
		{37C97854-7F43-43FB-B6D1-CAC311C05A93}.Release|Any CPU.Build.0 = Release|Any CPU
		{7A3C44EB-06E0-436F-8539-EB41DC91EA81}.Debug|Any CPU.ActiveCfg = Debug|Any CPU
		{7A3C44EB-06E0-436F-8539-EB41DC91EA81}.Debug|Any CPU.Build.0 = Debug|Any CPU
		{7A3C44EB-06E0-436F-8539-EB41DC91EA81}.Release|Any CPU.ActiveCfg = Release|Any CPU
		{7A3C44EB-06E0-436F-8539-EB41DC91EA81}.Release|Any CPU.Build.0 = Release|Any CPU
		{901F6240-585E-4D4C-AA6A-D8A8734DFDEE}.Debug|Any CPU.ActiveCfg = Debug|Any CPU
		{901F6240-585E-4D4C-AA6A-D8A8734DFDEE}.Debug|Any CPU.Build.0 = Debug|Any CPU
		{901F6240-585E-4D4C-AA6A-D8A8734DFDEE}.Release|Any CPU.ActiveCfg = Release|Any CPU
		{901F6240-585E-4D4C-AA6A-D8A8734DFDEE}.Release|Any CPU.Build.0 = Release|Any CPU
		{C6EA600A-4E89-426E-B9DA-AA84DF1D014D}.Debug|Any CPU.ActiveCfg = Debug|Any CPU
		{C6EA600A-4E89-426E-B9DA-AA84DF1D014D}.Debug|Any CPU.Build.0 = Debug|Any CPU
		{C6EA600A-4E89-426E-B9DA-AA84DF1D014D}.Release|Any CPU.ActiveCfg = Release|Any CPU
		{C6EA600A-4E89-426E-B9DA-AA84DF1D014D}.Release|Any CPU.Build.0 = Release|Any CPU
		{CC0F11DF-FD3F-41FA-BEC0-AF5A376B0019}.Debug|Any CPU.ActiveCfg = Debug|Any CPU
		{CC0F11DF-FD3F-41FA-BEC0-AF5A376B0019}.Debug|Any CPU.Build.0 = Debug|Any CPU
		{CC0F11DF-FD3F-41FA-BEC0-AF5A376B0019}.Release|Any CPU.ActiveCfg = Release|Any CPU
		{CC0F11DF-FD3F-41FA-BEC0-AF5A376B0019}.Release|Any CPU.Build.0 = Release|Any CPU
		{BE55FA11-B8F6-425A-8474-6BD1A9845AF1}.Debug|Any CPU.ActiveCfg = Debug|Any CPU
		{BE55FA11-B8F6-425A-8474-6BD1A9845AF1}.Debug|Any CPU.Build.0 = Debug|Any CPU
		{BE55FA11-B8F6-425A-8474-6BD1A9845AF1}.Release|Any CPU.ActiveCfg = Release|Any CPU
		{BE55FA11-B8F6-425A-8474-6BD1A9845AF1}.Release|Any CPU.Build.0 = Release|Any CPU
		{08120EBB-DEB3-458D-BC22-C407780C8B12}.Debug|Any CPU.ActiveCfg = Debug|Any CPU
		{08120EBB-DEB3-458D-BC22-C407780C8B12}.Debug|Any CPU.Build.0 = Debug|Any CPU
		{08120EBB-DEB3-458D-BC22-C407780C8B12}.Release|Any CPU.ActiveCfg = Release|Any CPU
		{08120EBB-DEB3-458D-BC22-C407780C8B12}.Release|Any CPU.Build.0 = Release|Any CPU
		{B38C479B-6827-4615-8BEC-682FDCB779B8}.Debug|Any CPU.ActiveCfg = Debug|Any CPU
		{B38C479B-6827-4615-8BEC-682FDCB779B8}.Debug|Any CPU.Build.0 = Debug|Any CPU
		{B38C479B-6827-4615-8BEC-682FDCB779B8}.Release|Any CPU.ActiveCfg = Release|Any CPU
		{B38C479B-6827-4615-8BEC-682FDCB779B8}.Release|Any CPU.Build.0 = Release|Any CPU
	EndGlobalSection
	GlobalSection(SolutionProperties) = preSolution
		HideSolutionNode = FALSE
	EndGlobalSection
	GlobalSection(NestedProjects) = preSolution
		{B477192F-814E-4710-8DBC-244AD89157C8} = {339141ED-FA14-478F-A71C-7EE0B8BD683E}
		{61B7A4C6-D753-4D42-92AD-3C8EE1F957F8} = {3D2E10DC-EB6F-45A5-896D-5CDB51FF4D28}
		{CB46CCA7-B595-4BF3-968B-C8750D07E498} = {678CE1B2-A2B3-437C-8099-D4AAA352F1CA}
		{79D67E27-2333-476E-B40A-178DCC0671BF} = {678CE1B2-A2B3-437C-8099-D4AAA352F1CA}
		{37C97854-7F43-43FB-B6D1-CAC311C05A93} = {CB46CCA7-B595-4BF3-968B-C8750D07E498}
		{7A3C44EB-06E0-436F-8539-EB41DC91EA81} = {B6039F85-3128-4D8B-84CE-11AD11B7FC98}
		{901F6240-585E-4D4C-AA6A-D8A8734DFDEE} = {79D67E27-2333-476E-B40A-178DCC0671BF}
		{C6EA600A-4E89-426E-B9DA-AA84DF1D014D} = {B6039F85-3128-4D8B-84CE-11AD11B7FC98}
		{CC0F11DF-FD3F-41FA-BEC0-AF5A376B0019} = {3D2E10DC-EB6F-45A5-896D-5CDB51FF4D28}
		{BE55FA11-B8F6-425A-8474-6BD1A9845AF1} = {CB46CCA7-B595-4BF3-968B-C8750D07E498}
		{08120EBB-DEB3-458D-BC22-C407780C8B12} = {79D67E27-2333-476E-B40A-178DCC0671BF}
		{B38C479B-6827-4615-8BEC-682FDCB779B8} = {3D2E10DC-EB6F-45A5-896D-5CDB51FF4D28}
	EndGlobalSection
	GlobalSection(ExtensibilityGlobals) = postSolution
		SolutionGuid = {6AE4FAB5-AE2C-4D62-B215-5A2B4CD50FA3}
	EndGlobalSection
EndGlobal
